
Microsoft Visual Studio Solution File, Format Version 12.00
# Visual Studio Version 16
VisualStudioVersion = 16.0.29519.87
MinimumVisualStudioVersion = 10.0.40219.1
Project("{8BC9CEB8-8B4A-11D0-8D11-00A0C91BC942}") = "ClipSpace", "ClipSpace\ClipSpace.vcxproj", "{D3D9CD93-D533-43BC-9F73-BC9EF11AA619}"
EndProject
Global
	GlobalSection(SolutionConfigurationPlatforms) = preSolution
		Debug|x64 = Debug|x64
		Debug|x86 = Debug|x86
		Release|x64 = Release|x64
		Release|x86 = Release|x86
	EndGlobalSection
	GlobalSection(ProjectConfigurationPlatforms) = postSolution
		{D3D9CD93-D533-43BC-9F73-BC9EF11AA619}.Debug|x64.ActiveCfg = Debug|x64
		{D3D9CD93-D533-43BC-9F73-BC9EF11AA619}.Debug|x64.Build.0 = Debug|x64
		{D3D9CD93-D533-43BC-9F73-BC9EF11AA619}.Debug|x86.ActiveCfg = Debug|Win32
		{D3D9CD93-D533-43BC-9F73-BC9EF11AA619}.Debug|x86.Build.0 = Debug|Win32
		{D3D9CD93-D533-43BC-9F73-BC9EF11AA619}.Release|x64.ActiveCfg = Release|x64
		{D3D9CD93-D533-43BC-9F73-BC9EF11AA619}.Release|x64.Build.0 = Release|x64
		{D3D9CD93-D533-43BC-9F73-BC9EF11AA619}.Release|x86.ActiveCfg = Release|Win32
		{D3D9CD93-D533-43BC-9F73-BC9EF11AA619}.Release|x86.Build.0 = Release|Win32
	EndGlobalSection
	GlobalSection(SolutionProperties) = preSolution
		HideSolutionNode = FALSE
	EndGlobalSection
	GlobalSection(ExtensibilityGlobals) = postSolution
		SolutionGuid = {D2636FF2-21D6-4D2E-BC4C-27C37458B2AE}
	EndGlobalSection
EndGlobal
