
Microsoft Visual Studio Solution File, Format Version 12.00
# Visual Studio Version 16
VisualStudioVersion = 16.0.29609.76
MinimumVisualStudioVersion = 10.0.40219.1
Project("{8BC9CEB8-8B4A-11D0-8D11-00A0C91BC942}") = "ClockWise", "ClockWise\ClockWise.vcxproj", "{EBC508E1-F465-4D97-AEAB-160D3CE679C8}"
EndProject
Global
	GlobalSection(SolutionConfigurationPlatforms) = preSolution
		Debug|x64 = Debug|x64
		Debug|x86 = Debug|x86
		Release|x64 = Release|x64
		Release|x86 = Release|x86
	EndGlobalSection
	GlobalSection(ProjectConfigurationPlatforms) = postSolution
		{EBC508E1-F465-4D97-AEAB-160D3CE679C8}.Debug|x64.ActiveCfg = Debug|x64
		{EBC508E1-F465-4D97-AEAB-160D3CE679C8}.Debug|x64.Build.0 = Debug|x64
		{EBC508E1-F465-4D97-AEAB-160D3CE679C8}.Debug|x86.ActiveCfg = Debug|Win32
		{EBC508E1-F465-4D97-AEAB-160D3CE679C8}.Debug|x86.Build.0 = Debug|Win32
		{EBC508E1-F465-4D97-AEAB-160D3CE679C8}.Release|x64.ActiveCfg = Release|x64
		{EBC508E1-F465-4D97-AEAB-160D3CE679C8}.Release|x64.Build.0 = Release|x64
		{EBC508E1-F465-4D97-AEAB-160D3CE679C8}.Release|x86.ActiveCfg = Release|Win32
		{EBC508E1-F465-4D97-AEAB-160D3CE679C8}.Release|x86.Build.0 = Release|Win32
	EndGlobalSection
	GlobalSection(SolutionProperties) = preSolution
		HideSolutionNode = FALSE
	EndGlobalSection
	GlobalSection(ExtensibilityGlobals) = postSolution
		SolutionGuid = {56C9420E-B8E3-4104-AE09-ECD7BE56B901}
	EndGlobalSection
EndGlobal
