
Microsoft Visual Studio Solution File, Format Version 12.00
# Visual Studio Version 16
VisualStudioVersion = 16.0.29215.179
MinimumVisualStudioVersion = 10.0.40219.1
Project("{8BC9CEB8-8B4A-11D0-8D11-00A0C91BC942}") = "Renderer", "Renderer\Renderer.vcxproj", "{C0D375FE-7D2F-4E6F-984E-7AF2B88880B5}"
EndProject
Global
	GlobalSection(SolutionConfigurationPlatforms) = preSolution
		Debug|x64 = Debug|x64
		Debug|x86 = Debug|x86
		Release|x64 = Release|x64
		Release|x86 = Release|x86
	EndGlobalSection
	GlobalSection(ProjectConfigurationPlatforms) = postSolution
		{C0D375FE-7D2F-4E6F-984E-7AF2B88880B5}.Debug|x64.ActiveCfg = Debug|x64
		{C0D375FE-7D2F-4E6F-984E-7AF2B88880B5}.Debug|x64.Build.0 = Debug|x64
		{C0D375FE-7D2F-4E6F-984E-7AF2B88880B5}.Debug|x86.ActiveCfg = Debug|Win32
		{C0D375FE-7D2F-4E6F-984E-7AF2B88880B5}.Debug|x86.Build.0 = Debug|Win32
		{C0D375FE-7D2F-4E6F-984E-7AF2B88880B5}.Release|x64.ActiveCfg = Release|x64
		{C0D375FE-7D2F-4E6F-984E-7AF2B88880B5}.Release|x64.Build.0 = Release|x64
		{C0D375FE-7D2F-4E6F-984E-7AF2B88880B5}.Release|x86.ActiveCfg = Release|Win32
		{C0D375FE-7D2F-4E6F-984E-7AF2B88880B5}.Release|x86.Build.0 = Release|Win32
	EndGlobalSection
	GlobalSection(SolutionProperties) = preSolution
		HideSolutionNode = FALSE
	EndGlobalSection
	GlobalSection(ExtensibilityGlobals) = postSolution
		SolutionGuid = {321E5206-BF5D-40EE-AC7F-23EE9014FD36}
	EndGlobalSection
EndGlobal
