
Microsoft Visual Studio Solution File, Format Version 12.00
# Visual Studio Version 16
VisualStudioVersion = 16.0.29403.142
MinimumVisualStudioVersion = 10.0.40219.1
Project("{8BC9CEB8-8B4A-11D0-8D11-00A0C91BC942}") = "projection", "projection\projection.vcxproj", "{454BD8B4-61A6-4088-A594-81C128E14916}"
EndProject
Global
	GlobalSection(SolutionConfigurationPlatforms) = preSolution
		Debug|x64 = Debug|x64
		Debug|x86 = Debug|x86
		Release|x64 = Release|x64
		Release|x86 = Release|x86
	EndGlobalSection
	GlobalSection(ProjectConfigurationPlatforms) = postSolution
		{454BD8B4-61A6-4088-A594-81C128E14916}.Debug|x64.ActiveCfg = Debug|x64
		{454BD8B4-61A6-4088-A594-81C128E14916}.Debug|x64.Build.0 = Debug|x64
		{454BD8B4-61A6-4088-A594-81C128E14916}.Debug|x86.ActiveCfg = Debug|Win32
		{454BD8B4-61A6-4088-A594-81C128E14916}.Debug|x86.Build.0 = Debug|Win32
		{454BD8B4-61A6-4088-A594-81C128E14916}.Release|x64.ActiveCfg = Release|x64
		{454BD8B4-61A6-4088-A594-81C128E14916}.Release|x64.Build.0 = Release|x64
		{454BD8B4-61A6-4088-A594-81C128E14916}.Release|x86.ActiveCfg = Release|Win32
		{454BD8B4-61A6-4088-A594-81C128E14916}.Release|x86.Build.0 = Release|Win32
	EndGlobalSection
	GlobalSection(SolutionProperties) = preSolution
		HideSolutionNode = FALSE
	EndGlobalSection
	GlobalSection(ExtensibilityGlobals) = postSolution
		SolutionGuid = {8C87712D-2AD6-4E11-A299-357CCC571643}
	EndGlobalSection
EndGlobal
